
Microsoft Visual Studio Solution File, Format Version 12.00
# Visual Studio Version 17
VisualStudioVersion = 17.14.37411.7 d17.14
MinimumVisualStudioVersion = 10.0.40219.1
Project("{FAE04EC0-301F-11D3-BF4B-00C04F79EFBC}") = "Todos2", "Todos2\Todos2.csproj", "{1D30FC69-00F9-4059-A882-A11E79E8E7CB}"
EndProject
Global
	GlobalSection(SolutionConfigurationPlatforms) = preSolution
		Debug|Any CPU = Debug|Any CPU
		Release|Any CPU = Release|Any CPU
	EndGlobalSection
	GlobalSection(ProjectConfigurationPlatforms) = postSolution
		{1D30FC69-00F9-4059-A882-A11E79E8E7CB}.Debug|Any CPU.ActiveCfg = Debug|Any CPU
		{1D30FC69-00F9-4059-A882-A11E79E8E7CB}.Debug|Any CPU.Build.0 = Debug|Any CPU
		{1D30FC69-00F9-4059-A882-A11E79E8E7CB}.Release|Any CPU.ActiveCfg = Release|Any CPU
		{1D30FC69-00F9-4059-A882-A11E79E8E7CB}.Release|Any CPU.Build.0 = Release|Any CPU
	EndGlobalSection
	GlobalSection(SolutionProperties) = preSolution
		HideSolutionNode = FALSE
	EndGlobalSection
	GlobalSection(ExtensibilityGlobals) = postSolution
		SolutionGuid = {C6F30A93-F293-4E7E-BA88-A553F1162B30}
	EndGlobalSection
EndGlobal
